github.com/septagon-oss/pk-design v0.2.0 h1:su0vGi2RijPbHn10QxY3QfTITbA0BgGAbDu+GbM7P/E=
github.com/septagon-oss/pk-design v0.2.0/go.mod h1:gHPDkDfgfgEAOGeSG7mv3gtN0DyDLh7KpxsCg6onsv4=
github.com/septagon-oss/styleengine v0.1.0 h1:5H/P2aVvr+cLG0LExkdkXgK5m3Qd/SgKbSlMk+xrpKs=
github.com/septagon-oss/styleengine v0.1.0/go.mod h1:bZdiEW66RcjYPdP629M/EQGW+0ES5YXNgo8IOgrhvgw=
github.com/tdewolff/minify/v2 v2.24.13 h1:xrcF7gKDnUszseEY9WX9mUlZII2v2Go/QAcAwRASw58=
github.com/tdewolff/minify/v2 v2.24.13/go.mod h1:emvwoYeIl8bfAKqRU5ww95LX9Gpggpqv/naal9a8Yq0=
github.com/tdewolff/parse/v2 v2.8.13 h1:si/8rLw5BZZTWCCiMm9A3f6x+RmqYfrkEeXCgpX5ick=
github.com/tdewolff/parse/v2 v2.8.13/go.mod h1:XdsoSFThlVIRIajAuqz1evNY7bagZS8LBOPA3aVopwQ=
github.com/tdewolff/test v1.0.12 h1:7F21DqIajswxuche0geHdrUZRCWE4oko4b7bcmkkrxk=
github.com/tdewolff/test v1.0.12/go.mod h1:XPuWBzvdUzhCuxWO1ojpXsyzsA5bFoS3tO/Q3kFuTG8=
