github.com/septagon-oss/pk-design v0.2.0 h1:su0vGi2RijPbHn10QxY3QfTITbA0BgGAbDu+GbM7P/E=
github.com/septagon-oss/pk-design v0.2.0/go.mod h1:gHPDkDfgfgEAOGeSG7mv3gtN0DyDLh7KpxsCg6onsv4=
github.com/septagon-oss/styleengine v0.1.0 h1:5H/P2aVvr+cLG0LExkdkXgK5m3Qd/SgKbSlMk+xrpKs=
github.com/septagon-oss/styleengine v0.1.0/go.mod h1:bZdiEW66RcjYPdP629M/EQGW+0ES5YXNgo8IOgrhvgw=
github.com/tdewolff/minify/v2 v2.24.14 h1:y05Dj1YHaCJ0g6nZa5wC6vyI+x5iziYBY20gsC6xvbo=
github.com/tdewolff/parse/v2 v2.8.14 h1:GuhuMMPKAqj5BhP9hZUz3r3JqX/lOvQ1E6wxW6p/FhY=
github.com/tdewolff/test v1.0.12 h1:7F21DqIajswxuche0geHdrUZRCWE4oko4b7bcmkkrxk=
github.com/tdewolff/test v1.0.12/go.mod h1:XPuWBzvdUzhCuxWO1ojpXsyzsA5bFoS3tO/Q3kFuTG8=
