github.com/septagon-oss/pk-design v0.2.2 h1:g7eY+hrMcOJyLLGClB58FRd4/hozTQvy6cvLtrMz7Kg=
github.com/septagon-oss/pk-design v0.2.2/go.mod h1:gHPDkDfgfgEAOGeSG7mv3gtN0DyDLh7KpxsCg6onsv4=
github.com/septagon-oss/styleengine v0.1.1 h1:daUTe0iv73PFJcyHbWhyL3+Dg3oEBBoNbWa8gQS8X10=
github.com/septagon-oss/styleengine v0.1.1/go.mod h1:/VV3Cppy5mcopvCKwHwIbgMTl0PuVXye3MKQSFNunWA=
github.com/tdewolff/minify/v2 v2.24.14 h1:y05Dj1YHaCJ0g6nZa5wC6vyI+x5iziYBY20gsC6xvbo=
github.com/tdewolff/minify/v2 v2.24.14/go.mod h1:ducvuHPTtUvKKK6uCI4p0fR2Mxvoy+XpFy9cC8QDv1c=
github.com/tdewolff/parse/v2 v2.8.14 h1:GuhuMMPKAqj5BhP9hZUz3r3JqX/lOvQ1E6wxW6p/FhY=
github.com/tdewolff/parse/v2 v2.8.14/go.mod h1:XdsoSFThlVIRIajAuqz1evNY7bagZS8LBOPA3aVopwQ=
github.com/tdewolff/test v1.0.12 h1:7F21DqIajswxuche0geHdrUZRCWE4oko4b7bcmkkrxk=
github.com/tdewolff/test v1.0.12/go.mod h1:XPuWBzvdUzhCuxWO1ojpXsyzsA5bFoS3tO/Q3kFuTG8=
